{
  "name": "MedCase.Helios.EDC.V3",
  "lockfileVersion": 2,
  "requires": true,
  "packages": {
    "": {
      "dependencies": {
        "jquery": "^3.7.0",
        "rc-easyui": "^1.2.9"
      }
    },
    "node_modules/jquery": {
      "version": "3.7.0",
      "resolved": "https://registry.npmjs.org/jquery/-/jquery-3.7.0.tgz",
      "integrity": "sha512-umpJ0/k8X0MvD1ds0P9SfowREz2LenHsQaxSohMZ5OMNEU2r0tf8pdeEFTHMFxWVxKNyU9rTtK3CWzUCTKJUeQ=="
    },
    "node_modules/rc-easyui": {
      "version": "1.2.9",
      "resolved": "https://registry.npmjs.org/rc-easyui/-/rc-easyui-1.2.9.tgz",
      "integrity": "sha512-ijAzBMPaXpgZDfbBGbmzlnf0SW7F5txYP9OyWTx4KoF58zMa4/6d/tsfmvq+iesn4rGL1nyn4Zm/DMovNk7L8g=="
    }
  },
  "dependencies": {
    "jquery": {
      "version": "3.7.0",
      "resolved": "https://registry.npmjs.org/jquery/-/jquery-3.7.0.tgz",
      "integrity": "sha512-umpJ0/k8X0MvD1ds0P9SfowREz2LenHsQaxSohMZ5OMNEU2r0tf8pdeEFTHMFxWVxKNyU9rTtK3CWzUCTKJUeQ=="
    },
    "rc-easyui": {
      "version": "1.2.9",
      "resolved": "https://registry.npmjs.org/rc-easyui/-/rc-easyui-1.2.9.tgz",
      "integrity": "sha512-ijAzBMPaXpgZDfbBGbmzlnf0SW7F5txYP9OyWTx4KoF58zMa4/6d/tsfmvq+iesn4rGL1nyn4Zm/DMovNk7L8g=="
    }
  }
}
